
Microsoft Visual Studio Solution File, Format Version 12.00
# Visual Studio Version 16
VisualStudioVersion = 16.0.30011.22
MinimumVisualStudioVersion = 10.0.40219.1
Project("{9A19103F-16F7-4668-BE54-9A1E7A4F7556}") = "az_func_http", "az_func_http\az_func_http.csproj", "{4AFDBD24-352C-4576-BE67-1E0B563C1038}"
EndProject
Global
	GlobalSection(SolutionConfigurationPlatforms) = preSolution
		Debug|Any CPU = Debug|Any CPU
		Release|Any CPU = Release|Any CPU
	EndGlobalSection
	GlobalSection(ProjectConfigurationPlatforms) = postSolution
		{4AFDBD24-352C-4576-BE67-1E0B563C1038}.Debug|Any CPU.ActiveCfg = Debug|Any CPU
		{4AFDBD24-352C-4576-BE67-1E0B563C1038}.Debug|Any CPU.Build.0 = Debug|Any CPU
		{4AFDBD24-352C-4576-BE67-1E0B563C1038}.Release|Any CPU.ActiveCfg = Release|Any CPU
		{4AFDBD24-352C-4576-BE67-1E0B563C1038}.Release|Any CPU.Build.0 = Release|Any CPU
	EndGlobalSection
	GlobalSection(SolutionProperties) = preSolution
		HideSolutionNode = FALSE
	EndGlobalSection
	GlobalSection(ExtensibilityGlobals) = postSolution
		SolutionGuid = {931B6E22-6350-4AB9-B52C-9A84B491D7A1}
	EndGlobalSection
EndGlobal
